github.com/empijei/tst v0.0.0-20260306213552-2a12dadad83d h1:36b0yU4f4UUxkYd8oPXH38uCKw9+rDDlW8ZTgcMvFbs=
github.com/empijei/tst v0.0.0-20260306213552-2a12dadad83d/go.mod h1:yhB/XtQiGBa0i7exjbB38IpwbxJm0Jk7y4j7pc+frM8=
github.com/google/go-cmp v0.7.0 h1:wk8382ETsv4JYUZwIsn6YpYiWiBsYLSJiTsyBybVuN8=
github.com/google/go-cmp v0.7.0/go.mod h1:pXiqmnSA92OHEEa9HXL2W4E7lf9JzCmGVUdgjX3N/iU=
github.com/google/uuid v1.6.0 h1:NIvaJDMOsjHA8n1jAhLSgzrAzy1Hgr+hNrb57e+94F0=
github.com/google/uuid v1.6.0/go.mod h1:TIyPZe4MgqvfeYDBFedMoGGpEw/LqOeaOT+nhxU+yHo=
